PODS:
  - Action (4.1.0):
    - RxCocoa (~> 5.0)
    - RxSwift (~> 5.0)
  - Alamofire (5.1.0)
  - IQKeyboardManagerSwift (6.5.5)
  - R.swift (5.2.2):
    - R.swift.Library (~> 5.2.0)
  - R.swift.Library (5.2.0)
  - ReachabilitySwift (5.0.0)
  - RxCocoa (5.1.1):
    - RxRelay (~> 5)
    - RxSwift (~> 5)
  - RxRelay (5.1.1):
    - RxSwift (~> 5)
  - RxSwift (5.1.1)
  - SwiftLocation (4.2.0)
  - SwiftyXMLParser (5.1.0)

DEPENDENCIES:
  - Action
  - Alamofire (~> 5.1)
  - IQKeyboardManagerSwift
  - R.swift
  - ReachabilitySwift
  - RxCocoa (~> 5)
  - RxSwift (~> 5)
  - SwiftLocation (~> 4.0)
  - SwiftyXMLParser (from `https://github.com/yahoojapan/SwiftyXMLParser.git`)

SPEC REPOS:
  trunk:
    - Action
    - Alamofire
    - IQKeyboardManagerSwift
    - R.swift
    - R.swift.Library
    - ReachabilitySwift
    - RxCocoa
    - RxRelay
    - RxSwift
    - SwiftLocation

EXTERNAL SOURCES:
  SwiftyXMLParser:
    :git: https://github.com/yahoojapan/SwiftyXMLParser.git

CHECKOUT OPTIONS:
  SwiftyXMLParser:
    :commit: 9d82653e535a13a518b411934c0a5c0c84406c22
    :git: https://github.com/yahoojapan/SwiftyXMLParser.git

SPEC CHECKSUMS:
  Action: 79e6c5dc91e13eea045ab6744b3e5609086671aa
  Alamofire: 9d5c5f602928e512395b30950c5984eca840093c
  IQKeyboardManagerSwift: 0fb93310284665245591f50f7a5e38de615960b7
  R.swift: 7c52cdc57a66840ffe6cbd8a823d732059d42a32
  R.swift.Library: 5ba4f1631300caf9a4d890186930da85d540769d
  ReachabilitySwift: 985039c6f7b23a1da463388634119492ff86c825
  RxCocoa: 32065309a38d29b5b0db858819b5bf9ef038b601
  RxRelay: d77f7d771495f43c556cbc43eebd1bb54d01e8e9
  RxSwift: 81470a2074fa8780320ea5fe4102807cb7118178
  SwiftLocation: 609ac8859f2c5d48a6cadd2a58c63b1dae02dc25
  SwiftyXMLParser: 8271497e0a37b5c04b0b167c77b4896e36175a21

PODFILE CHECKSUM: bea8cfe88432523b60fa060ef9e26a36846af755

COCOAPODS: 1.8.4
